{
  "version": 4,
  "terraform_version": "1.10.4",
  "serial": 26,
  "lineage": "357b7941-2866-4303-dd52-b56d1e530304",
  "outputs": {
    "container_registry_id": {
      "value": "crpp8odc6temeugiivj2",
      "type": "string"
    },
    "container_registry_name": {
      "value": "todo-registry",
      "type": "string"
    },
    "kubernetes_cluster_endpoint": {
      "value": "https://89.169.152.40",
      "type": "string"
    },
    "kubernetes_cluster_id": {
      "value": "cat4pf7jbs8g7anmh2ru",
      "type": "string"
    },
    "node_group_id": {
      "value": "cat7ala93i8ldklhraa0",
      "type": "string"
    },
    "vm_nat_ip": {
      "value": "89.169.134.224",
      "type": "string"
    }
  },
  "resources": [
    {
      "mode": "managed",
      "type": "yandex_compute_instance",
      "name": "vm",
      "provider": "provider[\"registry.terraform.io/yandex-cloud/yandex\"]",
      "instances": [
        {
          "schema_version": 1,
          "attributes": {
            "allow_recreate": null,
            "allow_stopping_for_update": null,
            "boot_disk": [
              {
                "auto_delete": true,
                "device_name": "fhmju3gpp8t9tpu6n3nv",
                "disk_id": "fhmju3gpp8t9tpu6n3nv",
                "initialize_params": [
                  {
                    "block_size": 4096,
                    "description": "",
                    "image_id": "fd82odtq5h79jo7ffss3",
                    "kms_key_id": "",
                    "name": "",
                    "size": 20,
                    "snapshot_id": "",
                    "type": "network-hdd"
                  }
                ],
                "mode": "READ_WRITE"
              }
            ],
            "created_at": "2025-01-18T20:31:39Z",
            "description": "",
            "filesystem": [],
            "folder_id": "b1gtj94ev5rb7r3b7fvm",
            "fqdn": "fhmkko72uhfv6i4o1o5t.auto.internal",
            "gpu_cluster_id": "",
            "hardware_generation": [
              {
                "generation2_features": [],
                "legacy_features": [
                  {
                    "pci_topology": "PCI_TOPOLOGY_V1"
                  }
                ]
              }
            ],
            "hostname": "",
            "id": "fhmkko72uhfv6i4o1o5t",
            "labels": {},
            "local_disk": [],
            "maintenance_grace_period": "",
            "maintenance_policy": null,
            "metadata": {
              "ssh-keys": "ubuntu:ssh-rsa AAAAB3NzaC1yc2EAAAADAQABAAACAQCk9TZ167RF5Jf1mF66ZeieChZWSWmpJEQIMrIzqnvcPeVTXBHN5C5UsxqFpbkrFayphK/05gNG1kuyi26mulG7DC6bmGO18yyN9L//H4cujD12CU/RMldYfTikuU2YD7RH5z4jgYfsd6vwW16JK7j5J6azqLF+r3LxnaSHsF4sucss9Ttul0Q2ET+zQm+v7+EDNuotmzoKjfY6bb2WY7FUPvlyZ2LsEiZyv2A7T139tXeRUxYnohjK6Wxg4M/UwmkckZYKE7V3zeWuKQ+BCoY4CDFs4Ngy8A7NZIw5CR8w9y+eEKLMwba2YJrKhleDfAAdmcvc7mPymXksAxnJ4btDJk+xaL6UDV9IZ8TZM9wYuokUHLGtdfS73vjh9vNqkFVHIW3q4Zz1zJzd4m5fnrpEr0cy4wRsCRyy2TI5RsGBfKh3PuGNiwrAZsS1zsy+1P+e79lk3Cjla7iIV9bTjobS2QYaDiFxydRXnljDeIF7Hwyz0scVd/MjnmxleEzvRp/9fwBf9Mi+uLSf9bxi+z8HnXinmPHpjIUrhus/94ncJhBG7vc+r+qoCTwqGyc6O1F8POENvcglYAhuWtzO17Igtk8+Ez/uvSvfuZNqPRWHhf5U8SjQk18+qejTJbxrGvf+dfJbx9i8xy0VDdi0SV3B5raq8OQ4wECntaVU8DhXZw== labii@niuitmo.ru\n"
            },
            "metadata_options": [
              {
                "aws_v1_http_endpoint": 1,
                "aws_v1_http_token": 2,
                "gce_http_endpoint": 1,
                "gce_http_token": 1
              }
            ],
            "name": "dev-vm",
            "network_acceleration_type": "standard",
            "network_interface": [
              {
                "dns_record": [],
                "index": 0,
                "ip_address": "10.128.0.25",
                "ipv4": true,
                "ipv6": false,
                "ipv6_address": "",
                "ipv6_dns_record": [],
                "mac_address": "d0:0d:14:a6:0e:2f",
                "nat": true,
                "nat_dns_record": [],
                "nat_ip_address": "89.169.134.224",
                "nat_ip_version": "IPV4",
                "security_group_ids": [],
                "subnet_id": "e9bffkld4lvv449rt9gp"
              }
            ],
            "placement_policy": [
              {
                "host_affinity_rules": [],
                "placement_group_id": "",
                "placement_group_partition": 0
              }
            ],
            "platform_id": "standard-v1",
            "resources": [
              {
                "core_fraction": 100,
                "cores": 2,
                "gpus": 0,
                "memory": 2
              }
            ],
            "scheduling_policy": [
              {
                "preemptible": false
              }
            ],
            "secondary_disk": [],
            "service_account_id": "",
            "status": "running",
            "timeouts": null,
            "zone": "ru-central1-a"
          },
          "sensitive_attributes": [],
          "private": "eyJlMmJmYjczMC1lY2FhLTExZTYtOGY4OC0zNDM2M2JjN2M0YzAiOnsiY3JlYXRlIjozMDAwMDAwMDAwMDAsImRlbGV0ZSI6MzAwMDAwMDAwMDAwLCJ1cGRhdGUiOjMwMDAwMDAwMDAwMH0sInNjaGVtYV92ZXJzaW9uIjoiMSJ9",
          "dependencies": [
            "yandex_vpc_network.default",
            "yandex_vpc_subnet.default"
          ]
        }
      ]
    },
    {
      "mode": "managed",
      "type": "yandex_container_registry",
      "name": "todo_registry",
      "provider": "provider[\"registry.terraform.io/yandex-cloud/yandex\"]",
      "instances": [
        {
          "schema_version": 0,
          "attributes": {
            "created_at": "2025-01-18T20:31:36Z",
            "folder_id": "b1gtj94ev5rb7r3b7fvm",
            "id": "crpp8odc6temeugiivj2",
            "labels": {},
            "name": "todo-registry",
            "status": "active",
            "timeouts": null
          },
          "sensitive_attributes": [],
          "private": "eyJlMmJmYjczMC1lY2FhLTExZTYtOGY4OC0zNDM2M2JjN2M0YzAiOnsiY3JlYXRlIjo5MDAwMDAwMDAwMDAsImRlbGV0ZSI6OTAwMDAwMDAwMDAwLCJ1cGRhdGUiOjkwMDAwMDAwMDAwMH19"
        }
      ]
    },
    {
      "mode": "managed",
      "type": "yandex_kubernetes_cluster",
      "name": "todo_k8s_cluster",
      "provider": "provider[\"registry.terraform.io/yandex-cloud/yandex\"]",
      "instances": [
        {
          "schema_version": 0,
          "attributes": {
            "cluster_ipv4_range": "10.112.0.0/16",
            "cluster_ipv6_range": "",
            "created_at": "2025-01-18T21:07:52Z",
            "description": "",
            "folder_id": "b1gtj94ev5rb7r3b7fvm",
            "health": "healthy",
            "id": "cat4pf7jbs8g7anmh2ru",
            "kms_provider": [],
            "labels": {},
            "log_group_id": "",
            "master": [
              {
                "cluster_ca_certificate": "-----BEGIN CERTIFICATE-----\nMIIC5zCCAc+gAwIBAgIBADANBgkqhkiG9w0BAQsFADAVMRMwEQYDVQQDEwprdWJl\ncm5ldGVzMB4XDTI1MDExODIxMDc1M1oXDTM1MDExNjIxMDc1M1owFTETMBEGA1UE\nAxMKa3ViZXJuZXRlczCCASIwDQYJKoZIhvcNAQEBBQADggEPADCCAQoCggEBAKGY\nfm2p8eK965zE7NfaOx8BlFX7MGD+FXEABct4UZptv0zzuEOdLk0aX6RkOWcPhrZh\njx2k6FMcahsfk0napbK0ALIwPPfQjdt+Ml8am7kcoJguOXNrhaZhEwA2sAMEiXdh\niiGqGIKYC4RII5LEkfScLyva4LA2fKX4Ub7djFOSy1kT2OPuYe1GoIMyNlcJ8x4n\nHVM/xi8LqOPZVRgCy9LcaVONym4dt/c7oYSyyCKY0HSYhgS9acyESQUFUp0L/X4h\n8au5/kX9rc6R7ObLB10ieO7n1BQ2DPmI6gAF4UEYSHh0vH9VPkWqCGy96Qqwwoy0\nyI+hugArHO+0vRtDqLkCAwEAAaNCMEAwDgYDVR0PAQH/BAQDAgKkMA8GA1UdEwEB\n/wQFMAMBAf8wHQYDVR0OBBYEFGk8nlGBinuL9za7lQMMbcmbQ6kcMA0GCSqGSIb3\nDQEBCwUAA4IBAQBPL9yLWdX3CtsuLjR6FAYz6kNaXQkwV8blN0Ehl2+hobPDqav8\nsJXPdNFrbiwB5T3WDhsX66yL0IkIPcG/hCEq0j4vguRTs7sBzVvuFPlBZ7zqdF4D\nHSHT/BGwx4fPrPEItTn6HjjeTtQVh4qcvcmUWNoGkmB73J/aZoS3xPujmRBYzPyv\nze6+I15mzyIFAaJxuOdQgKCfYEYsmeLYxt+zvlK4Zda+9Pzeq+Dtei/PHqBgjgR5\nbeYwrPYciOL6IOBIIU4rK1m7vx3n1LGQsk2nHY6sAOhhtVd/6+D4mjqGkouUKIki\nwCsJX83BpeJKVBGersnr6piMvaSpLpb0lkqT\n-----END CERTIFICATE-----\n",
                "etcd_cluster_size": 1,
                "external_v4_address": "89.169.152.40",
                "external_v4_endpoint": "https://89.169.152.40",
                "external_v6_address": "",
                "external_v6_endpoint": "",
                "internal_v4_address": "10.128.0.23",
                "internal_v4_endpoint": "https://10.128.0.23",
                "maintenance_policy": [
                  {
                    "auto_upgrade": true,
                    "maintenance_window": []
                  }
                ],
                "master_location": [
                  {
                    "subnet_id": "e9bffkld4lvv449rt9gp",
                    "zone": "ru-central1-a"
                  }
                ],
                "master_logging": [],
                "public_ip": true,
                "regional": [],
                "security_group_ids": null,
                "version": "1.28",
                "version_info": [
                  {
                    "current_version": "1.28",
                    "new_revision_available": false,
                    "new_revision_summary": "",
                    "version_deprecated": false
                  }
                ],
                "zonal": [
                  {
                    "subnet_id": "",
                    "zone": "ru-central1-a"
                  }
                ]
              }
            ],
            "name": "todo-k8s-cluster",
            "network_id": "enpe0k9if2rcaa0fktmo",
            "network_implementation": [],
            "network_policy_provider": null,
            "node_ipv4_cidr_mask_size": 24,
            "node_service_account_id": "ajevr4dqk1dovbse8fjh",
            "release_channel": "REGULAR",
            "service_account_id": "ajevr4dqk1dovbse8fjh",
            "service_ipv4_range": "10.96.0.0/16",
            "service_ipv6_range": "",
            "status": "running",
            "timeouts": null
          },
          "sensitive_attributes": [],
          "private": "eyJlMmJmYjczMC1lY2FhLTExZTYtOGY4OC0zNDM2M2JjN2M0YzAiOnsiY3JlYXRlIjoxODAwMDAwMDAwMDAwLCJkZWxldGUiOjEyMDAwMDAwMDAwMDAsInJlYWQiOjMwMDAwMDAwMDAwMCwidXBkYXRlIjoxODAwMDAwMDAwMDAwfX0=",
          "dependencies": [
            "yandex_vpc_network.default"
          ]
        }
      ]
    },
    {
      "mode": "managed",
      "type": "yandex_kubernetes_node_group",
      "name": "todo_k8s_node_group",
      "provider": "provider[\"registry.terraform.io/yandex-cloud/yandex\"]",
      "instances": [
        {
          "schema_version": 0,
          "attributes": {
            "allocation_policy": [
              {
                "location": [
                  {
                    "subnet_id": "e9bffkld4lvv449rt9gp",
                    "zone": "ru-central1-a"
                  }
                ]
              }
            ],
            "allowed_unsafe_sysctls": null,
            "cluster_id": "cat4pf7jbs8g7anmh2ru",
            "created_at": "2025-01-18T21:15:12Z",
            "deploy_policy": [
              {
                "max_expansion": 3,
                "max_unavailable": 0
              }
            ],
            "description": "",
            "id": "cat7ala93i8ldklhraa0",
            "instance_group_id": "cl10dc9hoerh3h51k7ve",
            "instance_template": [
              {
                "boot_disk": [
                  {
                    "size": 50,
                    "type": "network-hdd"
                  }
                ],
                "container_network": [
                  {
                    "pod_mtu": 0
                  }
                ],
                "container_runtime": [],
                "gpu_settings": [],
                "labels": null,
                "metadata": {},
                "name": "",
                "nat": false,
                "network_acceleration_type": "type_unspecified",
                "network_interface": [
                  {
                    "ipv4": true,
                    "ipv4_dns_records": [],
                    "ipv6": false,
                    "ipv6_dns_records": [],
                    "nat": false,
                    "security_group_ids": null,
                    "subnet_ids": [
                      "e9bffkld4lvv449rt9gp"
                    ]
                  }
                ],
                "placement_policy": [],
                "platform_id": "standard-v2",
                "resources": [
                  {
                    "core_fraction": 100,
                    "cores": 2,
                    "gpus": 0,
                    "memory": 4
                  }
                ],
                "scheduling_policy": [
                  {
                    "preemptible": false
                  }
                ]
              }
            ],
            "labels": {},
            "maintenance_policy": [
              {
                "auto_repair": true,
                "auto_upgrade": true,
                "maintenance_window": []
              }
            ],
            "name": "todo-node-group",
            "node_labels": null,
            "node_taints": null,
            "scale_policy": [
              {
                "auto_scale": [
                  {
                    "initial": 1,
                    "max": 5,
                    "min": 1
                  }
                ],
                "fixed_scale": []
              }
            ],
            "status": "running",
            "timeouts": null,
            "version": "1.28",
            "version_info": [
              {
                "current_version": "1.28",
                "new_revision_available": false,
                "new_revision_summary": "",
                "version_deprecated": false
              }
            ]
          },
          "sensitive_attributes": [],
          "private": "eyJlMmJmYjczMC1lY2FhLTExZTYtOGY4OC0zNDM2M2JjN2M0YzAiOnsiY3JlYXRlIjozNjAwMDAwMDAwMDAwLCJkZWxldGUiOjEyMDAwMDAwMDAwMDAsInJlYWQiOjYwMDAwMDAwMDAwMCwidXBkYXRlIjozNjAwMDAwMDAwMDAwfX0=",
          "dependencies": [
            "yandex_kubernetes_cluster.todo_k8s_cluster",
            "yandex_vpc_network.default",
            "yandex_vpc_subnet.default"
          ]
        }
      ]
    },
    {
      "mode": "managed",
      "type": "yandex_vpc_network",
      "name": "default",
      "provider": "provider[\"registry.terraform.io/yandex-cloud/yandex\"]",
      "instances": [
        {
          "schema_version": 0,
          "attributes": {
            "created_at": "2025-01-18T20:31:36Z",
            "default_security_group_id": "enpn37gvi1370q078u7g",
            "description": "",
            "folder_id": "b1gtj94ev5rb7r3b7fvm",
            "id": "enpe0k9if2rcaa0fktmo",
            "labels": {},
            "name": "default-network",
            "subnet_ids": [
              "e9bffkld4lvv449rt9gp"
            ],
            "timeouts": null
          },
          "sensitive_attributes": [],
          "private": "eyJlMmJmYjczMC1lY2FhLTExZTYtOGY4OC0zNDM2M2JjN2M0YzAiOnsiY3JlYXRlIjo2MDAwMDAwMDAwMCwiZGVsZXRlIjo2MDAwMDAwMDAwMCwidXBkYXRlIjo2MDAwMDAwMDAwMH19"
        }
      ]
    },
    {
      "mode": "managed",
      "type": "yandex_vpc_subnet",
      "name": "default",
      "provider": "provider[\"registry.terraform.io/yandex-cloud/yandex\"]",
      "instances": [
        {
          "schema_version": 0,
          "attributes": {
            "created_at": "2025-01-18T20:31:38Z",
            "description": "",
            "dhcp_options": [],
            "folder_id": "b1gtj94ev5rb7r3b7fvm",
            "id": "e9bffkld4lvv449rt9gp",
            "labels": {},
            "name": "default-subnet",
            "network_id": "enpe0k9if2rcaa0fktmo",
            "route_table_id": "",
            "timeouts": null,
            "v4_cidr_blocks": [
              "10.128.0.0/24"
            ],
            "v6_cidr_blocks": [],
            "zone": "ru-central1-a"
          },
          "sensitive_attributes": [],
          "private": "eyJlMmJmYjczMC1lY2FhLTExZTYtOGY4OC0zNDM2M2JjN2M0YzAiOnsiY3JlYXRlIjoxODAwMDAwMDAwMDAsImRlbGV0ZSI6MTgwMDAwMDAwMDAwLCJ1cGRhdGUiOjE4MDAwMDAwMDAwMH19",
          "dependencies": [
            "yandex_vpc_network.default"
          ]
        }
      ]
    }
  ],
  "check_results": null
}
