{
  "version": 4,
  "terraform_version": "1.10.3",
  "serial": 158,
  "lineage": "08ba690e-56a1-f639-97ab-96273097e1ae",
  "outputs": {},
  "resources": [
    {
      "mode": "managed",
      "type": "yandex_vpc_subnet",
      "name": "default",
      "provider": "provider[\"registry.terraform.io/yandex-cloud/yandex\"]",
      "instances": [
        {
          "schema_version": 0,
          "attributes": {
            "created_at": "2024-12-23T20:05:24Z",
            "description": "",
            "dhcp_options": [],
            "folder_id": "b1g86p5vb1ntkb2k1877",
            "id": "e9br9e2fd613206ghq0h",
            "labels": {},
            "name": "default-subnet",
            "network_id": "enp609gcpbhh37hucl4a",
            "route_table_id": "",
            "timeouts": null,
            "v4_cidr_blocks": [
              "10.128.0.0/24"
            ],
            "v6_cidr_blocks": [],
            "zone": "ru-central1-a"
          },
          "sensitive_attributes": [],
          "private": "eyJlMmJmYjczMC1lY2FhLTExZTYtOGY4OC0zNDM2M2JjN2M0YzAiOnsiY3JlYXRlIjoxODAwMDAwMDAwMDAsImRlbGV0ZSI6MTgwMDAwMDAwMDAwLCJ1cGRhdGUiOjE4MDAwMDAwMDAwMH19",
          "dependencies": [
            "yandex_vpc_network.default"
          ]
        }
      ]
    }
  ],
  "check_results": null
}
