{
  "version": 4,
  "terraform_version": "1.10.3",
  "serial": 135,
  "lineage": "08ba690e-56a1-f639-97ab-96273097e1ae",
  "outputs": {},
  "resources": [
    {
      "mode": "managed",
      "type": "yandex_compute_instance",
      "name": "jenkins_vm",
      "provider": "provider[\"registry.terraform.io/yandex-cloud/yandex\"]",
      "instances": [
        {
          "status": "tainted",
          "schema_version": 1,
          "attributes": {
            "allow_recreate": null,
            "allow_stopping_for_update": null,
            "boot_disk": [
              {
                "auto_delete": true,
                "device_name": "fhma9clf689hm8131t6o",
                "disk_id": "fhma9clf689hm8131t6o",
                "initialize_params": [
                  {
                    "block_size": 4096,
                    "description": "",
                    "image_id": "fd82odtq5h79jo7ffss3",
                    "kms_key_id": "",
                    "name": "",
                    "size": 20,
                    "snapshot_id": "",
                    "type": "network-hdd"
                  }
                ],
                "mode": "READ_WRITE"
              }
            ],
            "created_at": "2024-12-23T20:11:06Z",
            "description": "",
            "filesystem": [],
            "folder_id": "b1g86p5vb1ntkb2k1877",
            "fqdn": "fhm3p1a7jn61bjrdhdnc.auto.internal",
            "gpu_cluster_id": "",
            "hardware_generation": [
              {
                "generation2_features": [],
                "legacy_features": [
                  {
                    "pci_topology": "PCI_TOPOLOGY_V1"
                  }
                ]
              }
            ],
            "hostname": "",
            "id": "fhm3p1a7jn61bjrdhdnc",
            "labels": null,
            "local_disk": [],
            "maintenance_grace_period": "",
            "maintenance_policy": null,
            "metadata": {
              "ssh-keys": "ubuntu:ssh-rsa AAAAB3NzaC1yc2EAAAADAQABAAACAQCk9TZ167RF5Jf1mF66ZeieChZWSWmpJEQIMrIzqnvcPeVTXBHN5C5UsxqFpbkrFayphK/05gNG1kuyi26mulG7DC6bmGO18yyN9L//H4cujD12CU/RMldYfTikuU2YD7RH5z4jgYfsd6vwW16JK7j5J6azqLF+r3LxnaSHsF4sucss9Ttul0Q2ET+zQm+v7+EDNuotmzoKjfY6bb2WY7FUPvlyZ2LsEiZyv2A7T139tXeRUxYnohjK6Wxg4M/UwmkckZYKE7V3zeWuKQ+BCoY4CDFs4Ngy8A7NZIw5CR8w9y+eEKLMwba2YJrKhleDfAAdmcvc7mPymXksAxnJ4btDJk+xaL6UDV9IZ8TZM9wYuokUHLGtdfS73vjh9vNqkFVHIW3q4Zz1zJzd4m5fnrpEr0cy4wRsCRyy2TI5RsGBfKh3PuGNiwrAZsS1zsy+1P+e79lk3Cjla7iIV9bTjobS2QYaDiFxydRXnljDeIF7Hwyz0scVd/MjnmxleEzvRp/9fwBf9Mi+uLSf9bxi+z8HnXinmPHpjIUrhus/94ncJhBG7vc+r+qoCTwqGyc6O1F8POENvcglYAhuWtzO17Igtk8+Ez/uvSvfuZNqPRWHhf5U8SjQk18+qejTJbxrGvf+dfJbx9i8xy0VDdi0SV3B5raq8OQ4wECntaVU8DhXZw== labii@niuitmo.ru\n"
            },
            "metadata_options": [
              {
                "aws_v1_http_endpoint": 1,
                "aws_v1_http_token": 2,
                "gce_http_endpoint": 1,
                "gce_http_token": 1
              }
            ],
            "name": "jenkins-vm",
            "network_acceleration_type": "standard",
            "network_interface": [
              {
                "dns_record": [],
                "index": 0,
                "ip_address": "10.128.0.13",
                "ipv4": true,
                "ipv6": false,
                "ipv6_address": "",
                "ipv6_dns_record": [],
                "mac_address": "d0:0d:3c:85:47:9d",
                "nat": true,
                "nat_dns_record": [],
                "nat_ip_address": "51.250.84.96",
                "nat_ip_version": "IPV4",
                "security_group_ids": [],
                "subnet_id": "e9br9e2fd613206ghq0h"
              }
            ],
            "placement_policy": [
              {
                "host_affinity_rules": [],
                "placement_group_id": "",
                "placement_group_partition": 0
              }
            ],
            "platform_id": "standard-v1",
            "resources": [
              {
                "core_fraction": 100,
                "cores": 2,
                "gpus": 0,
                "memory": 4
              }
            ],
            "scheduling_policy": [
              {
                "preemptible": false
              }
            ],
            "secondary_disk": [],
            "service_account_id": "",
            "status": "running",
            "timeouts": null,
            "zone": "ru-central1-a"
          },
          "sensitive_attributes": [],
          "private": "eyJlMmJmYjczMC1lY2FhLTExZTYtOGY4OC0zNDM2M2JjN2M0YzAiOnsiY3JlYXRlIjozMDAwMDAwMDAwMDAsImRlbGV0ZSI6MzAwMDAwMDAwMDAwLCJ1cGRhdGUiOjMwMDAwMDAwMDAwMH0sInNjaGVtYV92ZXJzaW9uIjoiMSJ9",
          "dependencies": [
            "yandex_vpc_network.default",
            "yandex_vpc_subnet.default"
          ]
        }
      ]
    },
    {
      "mode": "managed",
      "type": "yandex_compute_instance",
      "name": "vm",
      "provider": "provider[\"registry.terraform.io/yandex-cloud/yandex\"]",
      "instances": [
        {
          "status": "tainted",
          "schema_version": 1,
          "attributes": {
            "allow_recreate": null,
            "allow_stopping_for_update": null,
            "boot_disk": [
              {
                "auto_delete": true,
                "device_name": "fhmc0fts2n9sdnnfeni2",
                "disk_id": "fhmc0fts2n9sdnnfeni2",
                "initialize_params": [
                  {
                    "block_size": 4096,
                    "description": "",
                    "image_id": "fd82odtq5h79jo7ffss3",
                    "kms_key_id": "",
                    "name": "",
                    "size": 20,
                    "snapshot_id": "",
                    "type": "network-hdd"
                  }
                ],
                "mode": "READ_WRITE"
              }
            ],
            "created_at": "2024-12-23T20:10:54Z",
            "description": "",
            "filesystem": [],
            "folder_id": "b1g86p5vb1ntkb2k1877",
            "fqdn": "fhmvh0ij3bajhm3l4psg.auto.internal",
            "gpu_cluster_id": "",
            "hardware_generation": [
              {
                "generation2_features": [],
                "legacy_features": [
                  {
                    "pci_topology": "PCI_TOPOLOGY_V1"
                  }
                ]
              }
            ],
            "hostname": "",
            "id": "fhmvh0ij3bajhm3l4psg",
            "labels": null,
            "local_disk": [],
            "maintenance_grace_period": "",
            "maintenance_policy": null,
            "metadata": {
              "ssh-keys": "ubuntu:ssh-rsa AAAAB3NzaC1yc2EAAAADAQABAAACAQCk9TZ167RF5Jf1mF66ZeieChZWSWmpJEQIMrIzqnvcPeVTXBHN5C5UsxqFpbkrFayphK/05gNG1kuyi26mulG7DC6bmGO18yyN9L//H4cujD12CU/RMldYfTikuU2YD7RH5z4jgYfsd6vwW16JK7j5J6azqLF+r3LxnaSHsF4sucss9Ttul0Q2ET+zQm+v7+EDNuotmzoKjfY6bb2WY7FUPvlyZ2LsEiZyv2A7T139tXeRUxYnohjK6Wxg4M/UwmkckZYKE7V3zeWuKQ+BCoY4CDFs4Ngy8A7NZIw5CR8w9y+eEKLMwba2YJrKhleDfAAdmcvc7mPymXksAxnJ4btDJk+xaL6UDV9IZ8TZM9wYuokUHLGtdfS73vjh9vNqkFVHIW3q4Zz1zJzd4m5fnrpEr0cy4wRsCRyy2TI5RsGBfKh3PuGNiwrAZsS1zsy+1P+e79lk3Cjla7iIV9bTjobS2QYaDiFxydRXnljDeIF7Hwyz0scVd/MjnmxleEzvRp/9fwBf9Mi+uLSf9bxi+z8HnXinmPHpjIUrhus/94ncJhBG7vc+r+qoCTwqGyc6O1F8POENvcglYAhuWtzO17Igtk8+Ez/uvSvfuZNqPRWHhf5U8SjQk18+qejTJbxrGvf+dfJbx9i8xy0VDdi0SV3B5raq8OQ4wECntaVU8DhXZw== labii@niuitmo.ru\n"
            },
            "metadata_options": [
              {
                "aws_v1_http_endpoint": 1,
                "aws_v1_http_token": 2,
                "gce_http_endpoint": 1,
                "gce_http_token": 1
              }
            ],
            "name": "dev-vm",
            "network_acceleration_type": "standard",
            "network_interface": [
              {
                "dns_record": [],
                "index": 0,
                "ip_address": "10.128.0.19",
                "ipv4": true,
                "ipv6": false,
                "ipv6_address": "",
                "ipv6_dns_record": [],
                "mac_address": "d0:0d:1f:88:25:31",
                "nat": true,
                "nat_dns_record": [],
                "nat_ip_address": "62.84.113.149",
                "nat_ip_version": "IPV4",
                "security_group_ids": [],
                "subnet_id": "e9br9e2fd613206ghq0h"
              }
            ],
            "placement_policy": [
              {
                "host_affinity_rules": [],
                "placement_group_id": "",
                "placement_group_partition": 0
              }
            ],
            "platform_id": "standard-v1",
            "resources": [
              {
                "core_fraction": 100,
                "cores": 2,
                "gpus": 0,
                "memory": 2
              }
            ],
            "scheduling_policy": [
              {
                "preemptible": false
              }
            ],
            "secondary_disk": [],
            "service_account_id": "",
            "status": "running",
            "timeouts": null,
            "zone": "ru-central1-a"
          },
          "sensitive_attributes": [],
          "private": "eyJlMmJmYjczMC1lY2FhLTExZTYtOGY4OC0zNDM2M2JjN2M0YzAiOnsiY3JlYXRlIjozMDAwMDAwMDAwMDAsImRlbGV0ZSI6MzAwMDAwMDAwMDAwLCJ1cGRhdGUiOjMwMDAwMDAwMDAwMH0sInNjaGVtYV92ZXJzaW9uIjoiMSJ9",
          "dependencies": [
            "yandex_vpc_network.default",
            "yandex_vpc_subnet.default"
          ]
        }
      ]
    },
    {
      "mode": "managed",
      "type": "yandex_vpc_network",
      "name": "default",
      "provider": "provider[\"registry.terraform.io/yandex-cloud/yandex\"]",
      "instances": [
        {
          "schema_version": 0,
          "attributes": {
            "created_at": "2024-12-23T20:05:22Z",
            "default_security_group_id": "enpbp0lt39hhcaarif62",
            "description": "",
            "folder_id": "b1g86p5vb1ntkb2k1877",
            "id": "enp609gcpbhh37hucl4a",
            "labels": {},
            "name": "default-network",
            "subnet_ids": [
              "e9br9e2fd613206ghq0h"
            ],
            "timeouts": null
          },
          "sensitive_attributes": [],
          "private": "eyJlMmJmYjczMC1lY2FhLTExZTYtOGY4OC0zNDM2M2JjN2M0YzAiOnsiY3JlYXRlIjo2MDAwMDAwMDAwMCwiZGVsZXRlIjo2MDAwMDAwMDAwMCwidXBkYXRlIjo2MDAwMDAwMDAwMH19"
        }
      ]
    },
    {
      "mode": "managed",
      "type": "yandex_vpc_subnet",
      "name": "default",
      "provider": "provider[\"registry.terraform.io/yandex-cloud/yandex\"]",
      "instances": [
        {
          "schema_version": 0,
          "attributes": {
            "created_at": "2024-12-23T20:05:24Z",
            "description": "",
            "dhcp_options": [],
            "folder_id": "b1g86p5vb1ntkb2k1877",
            "id": "e9br9e2fd613206ghq0h",
            "labels": {},
            "name": "default-subnet",
            "network_id": "enp609gcpbhh37hucl4a",
            "route_table_id": "",
            "timeouts": null,
            "v4_cidr_blocks": [
              "10.128.0.0/24"
            ],
            "v6_cidr_blocks": [],
            "zone": "ru-central1-a"
          },
          "sensitive_attributes": [],
          "private": "eyJlMmJmYjczMC1lY2FhLTExZTYtOGY4OC0zNDM2M2JjN2M0YzAiOnsiY3JlYXRlIjoxODAwMDAwMDAwMDAsImRlbGV0ZSI6MTgwMDAwMDAwMDAwLCJ1cGRhdGUiOjE4MDAwMDAwMDAwMH19",
          "dependencies": [
            "yandex_vpc_network.default"
          ]
        }
      ]
    }
  ],
  "check_results": null
}
