{
  "version": 4,
  "terraform_version": "1.10.5",
  "serial": 122,
  "lineage": "357b7941-2866-4303-dd52-b56d1e530304",
  "outputs": {
    "container_registry_id": {
      "value": "crpp8odc6temeugiivj2",
      "type": "string"
    },
    "container_registry_name": {
      "value": "todo-registry",
      "type": "string"
    }
  },
  "resources": [
    {
      "mode": "managed",
      "type": "yandex_container_registry",
      "name": "todo_registry",
      "provider": "provider[\"registry.terraform.io/yandex-cloud/yandex\"]",
      "instances": [
        {
          "schema_version": 0,
          "attributes": {
            "created_at": "2025-01-18T20:31:36Z",
            "folder_id": "b1gtj94ev5rb7r3b7fvm",
            "id": "crpp8odc6temeugiivj2",
            "labels": {},
            "name": "todo-registry",
            "status": "active",
            "timeouts": null
          },
          "sensitive_attributes": [],
          "private": "eyJlMmJmYjczMC1lY2FhLTExZTYtOGY4OC0zNDM2M2JjN2M0YzAiOnsiY3JlYXRlIjo5MDAwMDAwMDAwMDAsImRlbGV0ZSI6OTAwMDAwMDAwMDAwLCJ1cGRhdGUiOjkwMDAwMDAwMDAwMH19"
        }
      ]
    }
  ],
  "check_results": null
}
